// !$*UTF8*$!
{
	archiveVersion = 1;
	classes = {
	};
	objectVersion = 55;
	objects = {

/* Begin PBXBuildFile section */
		B929D6912829595F00B1C952 /* ImagePicker.swift in Sources */ = {isa = PBXBuildFile; fileRef = B929D6902829595F00B1C952 /* ImagePicker.swift */; };
		B9FF2DCC28278F6500D17523 /* WadiloApp.swift in Sources */ = {isa = PBXBuildFile; fileRef = B9FF2DCB28278F6500D17523 /* WadiloApp.swift */; };
		B9FF2DCE28278F6500D17523 /* ContentView.swift in Sources */ = {isa = PBXBuildFile; fileRef = B9FF2DCD28278F6500D17523 /* ContentView.swift */; };
		B9FF2DD028278F6600D17523 /* Assets.xcassets in Resources */ = {isa = PBXBuildFile; fileRef = B9FF2DCF28278F6600D17523 /* Assets.xcassets */; };
		B9FF2DD328278F6600D17523 /* Preview Assets.xcassets in Resources */ = {isa = PBXBuildFile; fileRef = B9FF2DD228278F6600D17523 /* Preview Assets.xcassets */; };
		B9FF2DE02827909C00D17523 /* SiriShortcutViewController.swift in Sources */ = {isa = PBXBuildFile; fileRef = B9FF2DDF2827909C00D17523 /* SiriShortcutViewController.swift */; };
		B9FF2DE22827929300D17523 /* ShortcutButtonView.swift in Sources */ = {isa = PBXBuildFile; fileRef = B9FF2DE12827929300D17523 /* ShortcutButtonView.swift */; };
		B9FF2DE42827975600D17523 /* ShortcutManager.swift in Sources */ = {isa = PBXBuildFile; fileRef = B9FF2DE32827975600D17523 /* ShortcutManager.swift */; };
		B9FF2DE62827AAAC00D17523 /* VoiceAssistant.intentdefinition in Sources */ = {isa = PBXBuildFile; fileRef = B9FF2DE52827AAAC00D17523 /* VoiceAssistant.intentdefinition */; };
/* End PBXBuildFile section */

/* Begin PBXFileReference section */
		B929D6902829595F00B1C952 /* ImagePicker.swift */ = {isa = PBXFileReference; lastKnownFileType = sourcecode.swift; path = ImagePicker.swift; sourceTree = "<group>"; };
		B9FF2DC828278F6500D17523 /* Wadilo.app */ = {isa = PBXFileReference; explicitFileType = wrapper.application; includeInIndex = 0; path = Wadilo.app; sourceTree = BUILT_PRODUCTS_DIR; };
		B9FF2DCB28278F6500D17523 /* WadiloApp.swift */ = {isa = PBXFileReference; lastKnownFileType = sourcecode.swift; path = WadiloApp.swift; sourceTree = "<group>"; };
		B9FF2DCD28278F6500D17523 /* ContentView.swift */ = {isa = PBXFileReference; lastKnownFileType = sourcecode.swift; path = ContentView.swift; sourceTree = "<group>"; };
		B9FF2DCF28278F6600D17523 /* Assets.xcassets */ = {isa = PBXFileReference; lastKnownFileType = folder.assetcatalog; path = Assets.xcassets; sourceTree = "<group>"; };
		B9FF2DD228278F6600D17523 /* Preview Assets.xcassets */ = {isa = PBXFileReference; lastKnownFileType = folder.assetcatalog; path = "Preview Assets.xcassets"; sourceTree = "<group>"; };
		B9FF2DDF2827909C00D17523 /* SiriShortcutViewController.swift */ = {isa = PBXFileReference; lastKnownFileType = sourcecode.swift; path = SiriShortcutViewController.swift; sourceTree = "<group>"; };
		B9FF2DE12827929300D17523 /* ShortcutButtonView.swift */ = {isa = PBXFileReference; lastKnownFileType = sourcecode.swift; path = ShortcutButtonView.swift; sourceTree = "<group>"; };
		B9FF2DE32827975600D17523 /* ShortcutManager.swift */ = {isa = PBXFileReference; lastKnownFileType = sourcecode.swift; path = ShortcutManager.swift; sourceTree = "<group>"; };
		B9FF2DE52827AAAC00D17523 /* VoiceAssistant.intentdefinition */ = {isa = PBXFileReference; lastKnownFileType = file.intentdefinition; path = VoiceAssistant.intentdefinition; sourceTree = "<group>"; };
		B9FF2DE72827ABD900D17523 /* Info.plist */ = {isa = PBXFileReference; lastKnownFileType = text.plist; path = Info.plist; sourceTree = "<group>"; };
/* End PBXFileReference section */

/* Begin PBXFrameworksBuildPhase section */
		B9FF2DC528278F6500D17523 /* Frameworks */ = {
			isa = PBXFrameworksBuildPhase;
			buildActionMask = 2147483647;
			files = (
			);
			runOnlyForDeploymentPostprocessing = 0;
		};
/* End PBXFrameworksBuildPhase section */

/* Begin PBXGroup section */
		B929D68E2829523700B1C952 /* Siri */ = {
			isa = PBXGroup;
			children = (
				B9FF2DE12827929300D17523 /* ShortcutButtonView.swift */,
				B9FF2DE32827975600D17523 /* ShortcutManager.swift */,
				B9FF2DDF2827909C00D17523 /* SiriShortcutViewController.swift */,
			);
			path = Siri;
			sourceTree = "<group>";
		};
		B929D68F282957F400B1C952 /* PhotoPicker */ = {
			isa = PBXGroup;
			children = (
				B929D6902829595F00B1C952 /* ImagePicker.swift */,
			);
			path = PhotoPicker;
			sourceTree = "<group>";
		};
		B9FF2DBF28278F6500D17523 = {
			isa = PBXGroup;
			children = (
				B9FF2DCA28278F6500D17523 /* Wadilo */,
				B9FF2DC928278F6500D17523 /* Products */,
			);
			sourceTree = "<group>";
		};
		B9FF2DC928278F6500D17523 /* Products */ = {
			isa = PBXGroup;
			children = (
				B9FF2DC828278F6500D17523 /* Wadilo.app */,
			);
			name = Products;
			sourceTree = "<group>";
		};
		B9FF2DCA28278F6500D17523 /* Wadilo */ = {
			isa = PBXGroup;
			children = (
				B929D68F282957F400B1C952 /* PhotoPicker */,
				B929D68E2829523700B1C952 /* Siri */,
				B9FF2DE72827ABD900D17523 /* Info.plist */,
				B9FF2DCB28278F6500D17523 /* WadiloApp.swift */,
				B9FF2DCD28278F6500D17523 /* ContentView.swift */,
				B9FF2DCF28278F6600D17523 /* Assets.xcassets */,
				B9FF2DD128278F6600D17523 /* Preview Content */,
				B9FF2DE52827AAAC00D17523 /* VoiceAssistant.intentdefinition */,
			);
			path = Wadilo;
			sourceTree = "<group>";
		};
		B9FF2DD128278F6600D17523 /* Preview Content */ = {
			isa = PBXGroup;
			children = (
				B9FF2DD228278F6600D17523 /* Preview Assets.xcassets */,
			);
			path = "Preview Content";
			sourceTree = "<group>";
		};
/* End PBXGroup section */

/* Begin PBXNativeTarget section */
		B9FF2DC728278F6500D17523 /* Wadilo */ = {
			isa = PBXNativeTarget;
			buildConfigurationList = B9FF2DD628278F6600D17523 /* Build configuration list for PBXNativeTarget "Wadilo" */;
			buildPhases = (
				B9FF2DC428278F6500D17523 /* Sources */,
				B9FF2DC528278F6500D17523 /* Frameworks */,
				B9FF2DC628278F6500D17523 /* Resources */,
			);
			buildRules = (
			);
			dependencies = (
			);
			name = Wadilo;
			productName = Wadilo;
			productReference = B9FF2DC828278F6500D17523 /* Wadilo.app */;
			productType = "com.apple.product-type.application";
		};
/* End PBXNativeTarget section */

/* Begin PBXProject section */
		B9FF2DC028278F6500D17523 /* Project object */ = {
			isa = PBXProject;
			attributes = {
				BuildIndependentTargetsInParallel = 1;
				LastSwiftUpdateCheck = 1330;
				LastUpgradeCheck = 1330;
				TargetAttributes = {
					B9FF2DC728278F6500D17523 = {
						CreatedOnToolsVersion = 13.3.1;
					};
				};
			};
			buildConfigurationList = B9FF2DC328278F6500D17523 /* Build configuration list for PBXProject "Wadilo" */;
			compatibilityVersion = "Xcode 13.0";
			developmentRegion = en;
			hasScannedForEncodings = 0;
			knownRegions = (
				en,
				Base,
			);
			mainGroup = B9FF2DBF28278F6500D17523;
			productRefGroup = B9FF2DC928278F6500D17523 /* Products */;
			projectDirPath = "";
			projectRoot = "";
			targets = (
				B9FF2DC728278F6500D17523 /* Wadilo */,
			);
		};
/* End PBXProject section */

/* Begin PBXResourcesBuildPhase section */
		B9FF2DC628278F6500D17523 /* Resources */ = {
			isa = PBXResourcesBuildPhase;
			buildActionMask = 2147483647;
			files = (
				B9FF2DD328278F6600D17523 /* Preview Assets.xcassets in Resources */,
				B9FF2DD028278F6600D17523 /* Assets.xcassets in Resources */,
			);
			runOnlyForDeploymentPostprocessing = 0;
		};
/* End PBXResourcesBuildPhase section */

/* Begin PBXSourcesBuildPhase section */
		B9FF2DC428278F6500D17523 /* Sources */ = {
			isa = PBXSourcesBuildPhase;
			buildActionMask = 2147483647;
			files = (
				B9FF2DCE28278F6500D17523 /* ContentView.swift in Sources */,
				B9FF2DCC28278F6500D17523 /* WadiloApp.swift in Sources */,
				B9FF2DE22827929300D17523 /* ShortcutButtonView.swift in Sources */,
				B929D6912829595F00B1C952 /* ImagePicker.swift in Sources */,
				B9FF2DE02827909C00D17523 /* SiriShortcutViewController.swift in Sources */,
				B9FF2DE62827AAAC00D17523 /* VoiceAssistant.intentdefinition in Sources */,
				B9FF2DE42827975600D17523 /* ShortcutManager.swift in Sources */,
			);
			runOnlyForDeploymentPostprocessing = 0;
		};
/* End PBXSourcesBuildPhase section */

/* Begin XCBuildConfiguration section */
		B9FF2DD428278F6600D17523 /* Debug */ = {
			isa = XCBuildConfiguration;
			buildSettings = {
				ALWAYS_SEARCH_USER_PATHS = NO;
				CLANG_ANALYZER_NONNULL = YES;
				CLANG_ANALYZER_NUMBER_OBJECT_CONVERSION = YES_AGGRESSIVE;
				CLANG_CXX_LANGUAGE_STANDARD = "gnu++17";
				CLANG_ENABLE_MODULES = YES;
				CLANG_ENABLE_OBJC_ARC = YES;
				CLANG_ENABLE_OBJC_WEAK = YES;
				CLANG_WARN_BLOCK_CAPTURE_AUTORELEASING = YES;
				CLANG_WARN_BOOL_CONVERSION = YES;
				CLANG_WARN_COMMA = YES;
				CLANG_WARN_CONSTANT_CONVERSION = YES;
				CLANG_WARN_DEPRECATED_OBJC_IMPLEMENTATIONS = YES;
				CLANG_WARN_DIRECT_OBJC_ISA_USAGE = YES_ERROR;
				CLANG_WARN_DOCUMENTATION_COMMENTS = YES;
				CLANG_WARN_EMPTY_BODY = YES;
				CLANG_WARN_ENUM_CONVERSION = YES;
				CLANG_WARN_INFINITE_RECURSION = YES;
				CLANG_WARN_INT_CONVERSION = YES;
				CLANG_WARN_NON_LITERAL_NULL_CONVERSION = YES;
				CLANG_WARN_OBJC_IMPLICIT_RETAIN_SELF = YES;
				CLANG_WARN_OBJC_LITERAL_CONVERSION = YES;
				CLANG_WARN_OBJC_ROOT_CLASS = YES_ERROR;
				CLANG_WARN_QUOTED_INCLUDE_IN_FRAMEWORK_HEADER = YES;
				CLANG_WARN_RANGE_LOOP_ANALYSIS = YES;
				CLANG_WARN_STRICT_PROTOTYPES = YES;
				CLANG_WARN_SUSPICIOUS_MOVE = YES;
				CLANG_WARN_UNGUARDED_AVAILABILITY = YES_AGGRESSIVE;
				CLANG_WARN_UNREACHABLE_CODE = YES;
				CLANG_WARN__DUPLICATE_METHOD_MATCH = YES;
				COPY_PHASE_STRIP = NO;
				DEBUG_INFORMATION_FORMAT = dwarf;
				ENABLE_STRICT_OBJC_MSGSEND = YES;
				ENABLE_TESTABILITY = YES;
				GCC_C_LANGUAGE_STANDARD = gnu11;
				GCC_DYNAMIC_NO_PIC = NO;
				GCC_NO_COMMON_BLOCKS = YES;
				GCC_OPTIMIZATION_LEVEL = 0;
				GCC_PREPROCESSOR_DEFINITIONS = (
					"DEBUG=1",
					"$(inherited)",
				);
				GCC_WARN_64_TO_32_BIT_CONVERSION = YES;
				GCC_WARN_ABOUT_RETURN_TYPE = YES_ERROR;
				GCC_WARN_UNDECLARED_SELECTOR = YES;
				GCC_WARN_UNINITIALIZED_AUTOS = YES_AGGRESSIVE;
				GCC_WARN_UNUSED_FUNCTION = YES;
				GCC_WARN_UNUSED_VARIABLE = YES;
				IPHONEOS_DEPLOYMENT_TARGET = 15.4;
				MTL_ENABLE_DEBUG_INFO = INCLUDE_SOURCE;
				MTL_FAST_MATH = YES;
				ONLY_ACTIVE_ARCH = YES;
				SDKROOT = iphoneos;
				SWIFT_ACTIVE_COMPILATION_CONDITIONS = DEBUG;
				SWIFT_OPTIMIZATION_LEVEL = "-Onone";
			};
			name = Debug;
		};
		B9FF2DD528278F6600D17523 /* Release */ = {
			isa = XCBuildConfiguration;
			buildSettings = {
				ALWAYS_SEARCH_USER_PATHS = NO;
				CLANG_ANALYZER_NONNULL = YES;
				CLANG_ANALYZER_NUMBER_OBJECT_CONVERSION = YES_AGGRESSIVE;
				CLANG_CXX_LANGUAGE_STANDARD = "gnu++17";
				CLANG_ENABLE_MODULES = YES;
				CLANG_ENABLE_OBJC_ARC = YES;
				CLANG_ENABLE_OBJC_WEAK = YES;
				CLANG_WARN_BLOCK_CAPTURE_AUTORELEASING = YES;
				CLANG_WARN_BOOL_CONVERSION = YES;
				CLANG_WARN_COMMA = YES;
				CLANG_WARN_CONSTANT_CONVERSION = YES;
				CLANG_WARN_DEPRECATED_OBJC_IMPLEMENTATIONS = YES;
				CLANG_WARN_DIRECT_OBJC_ISA_USAGE = YES_ERROR;
				CLANG_WARN_DOCUMENTATION_COMMENTS = YES;
				CLANG_WARN_EMPTY_BODY = YES;
				CLANG_WARN_ENUM_CONVERSION = YES;
				CLANG_WARN_INFINITE_RECURSION = YES;
				CLANG_WARN_INT_CONVERSION = YES;
				CLANG_WARN_NON_LITERAL_NULL_CONVERSION = YES;
				CLANG_WARN_OBJC_IMPLICIT_RETAIN_SELF = YES;
				CLANG_WARN_OBJC_LITERAL_CONVERSION = YES;
				CLANG_WARN_OBJC_ROOT_CLASS = YES_ERROR;
				CLANG_WARN_QUOTED_INCLUDE_IN_FRAMEWORK_HEADER = YES;
				CLANG_WARN_RANGE_LOOP_ANALYSIS = YES;
				CLANG_WARN_STRICT_PROTOTYPES = YES;
				CLANG_WARN_SUSPICIOUS_MOVE = YES;
				CLANG_WARN_UNGUARDED_AVAILABILITY = YES_AGGRESSIVE;
				CLANG_WARN_UNREACHABLE_CODE = YES;
				CLANG_WARN__DUPLICATE_METHOD_MATCH = YES;
				COPY_PHASE_STRIP = NO;
				DEBUG_INFORMATION_FORMAT = "dwarf-with-dsym";
				ENABLE_NS_ASSERTIONS = NO;
				ENABLE_STRICT_OBJC_MSGSEND = YES;
				GCC_C_LANGUAGE_STANDARD = gnu11;
				GCC_NO_COMMON_BLOCKS = YES;
				GCC_WARN_64_TO_32_BIT_CONVERSION = YES;
				GCC_WARN_ABOUT_RETURN_TYPE = YES_ERROR;
				GCC_WARN_UNDECLARED_SELECTOR = YES;
				GCC_WARN_UNINITIALIZED_AUTOS = YES_AGGRESSIVE;
				GCC_WARN_UNUSED_FUNCTION = YES;
				GCC_WARN_UNUSED_VARIABLE = YES;
				IPHONEOS_DEPLOYMENT_TARGET = 15.4;
				MTL_ENABLE_DEBUG_INFO = NO;
				MTL_FAST_MATH = YES;
				SDKROOT = iphoneos;
				SWIFT_COMPILATION_MODE = wholemodule;
				SWIFT_OPTIMIZATION_LEVEL = "-O";
				VALIDATE_PRODUCT = YES;
			};
			name = Release;
		};
		B9FF2DD728278F6600D17523 /* Debug */ = {
			isa = XCBuildConfiguration;
			buildSettings = {
				ASSETCATALOG_COMPILER_APPICON_NAME = AppIcon;
				ASSETCATALOG_COMPILER_GLOBAL_ACCENT_COLOR_NAME = AccentColor;
				CODE_SIGN_IDENTITY = "Apple Development";
				CODE_SIGN_STYLE = Automatic;
				CURRENT_PROJECT_VERSION = 1;
				DEVELOPMENT_ASSET_PATHS = "\"Wadilo/Preview Content\"";
				DEVELOPMENT_TEAM = 3576282933;
				ENABLE_PREVIEWS = YES;
				GENERATE_INFOPLIST_FILE = YES;
				INFOPLIST_FILE = Wadilo/Info.plist;
				INFOPLIST_KEY_UIApplicationSceneManifest_Generation = YES;
				INFOPLIST_KEY_UIApplicationSupportsIndirectInputEvents = YES;
				INFOPLIST_KEY_UILaunchScreen_Generation = YES;
				INFOPLIST_KEY_UISupportedInterfaceOrientations_iPad = "UIInterfaceOrientationPortrait UIInterfaceOrientationPortraitUpsideDown UIInterfaceOrientationLandscapeLeft UIInterfaceOrientationLandscapeRight";
				INFOPLIST_KEY_UISupportedInterfaceOrientations_iPhone = "UIInterfaceOrientationPortrait UIInterfaceOrientationLandscapeLeft UIInterfaceOrientationLandscapeRight";
				LD_RUNPATH_SEARCH_PATHS = (
					"$(inherited)",
					"@executable_path/Frameworks",
				);
				MARKETING_VERSION = 1.0;
				PRODUCT_BUNDLE_IDENTIFIER = tech.tyuanhawk.Wadilo;
				PRODUCT_NAME = "$(TARGET_NAME)";
				PROVISIONING_PROFILE_SPECIFIER = "";
				SWIFT_EMIT_LOC_STRINGS = YES;
				SWIFT_VERSION = 5.0;
				TARGETED_DEVICE_FAMILY = "1,2";
			};
			name = Debug;
		};
		B9FF2DD828278F6600D17523 /* Release */ = {
			isa = XCBuildConfiguration;
			buildSettings = {
				ASSETCATALOG_COMPILER_APPICON_NAME = AppIcon;
				ASSETCATALOG_COMPILER_GLOBAL_ACCENT_COLOR_NAME = AccentColor;
				CODE_SIGN_IDENTITY = "Apple Development";
				CODE_SIGN_STYLE = Automatic;
				CURRENT_PROJECT_VERSION = 1;
				DEVELOPMENT_ASSET_PATHS = "\"Wadilo/Preview Content\"";
				DEVELOPMENT_TEAM = 3576282933;
				ENABLE_PREVIEWS = YES;
				GENERATE_INFOPLIST_FILE = YES;
				INFOPLIST_FILE = Wadilo/Info.plist;
				INFOPLIST_KEY_UIApplicationSceneManifest_Generation = YES;
				INFOPLIST_KEY_UIApplicationSupportsIndirectInputEvents = YES;
				INFOPLIST_KEY_UILaunchScreen_Generation = YES;
				INFOPLIST_KEY_UISupportedInterfaceOrientations_iPad = "UIInterfaceOrientationPortrait UIInterfaceOrientationPortraitUpsideDown UIInterfaceOrientationLandscapeLeft UIInterfaceOrientationLandscapeRight";
				INFOPLIST_KEY_UISupportedInterfaceOrientations_iPhone = "UIInterfaceOrientationPortrait UIInterfaceOrientationLandscapeLeft UIInterfaceOrientationLandscapeRight";
				LD_RUNPATH_SEARCH_PATHS = (
					"$(inherited)",
					"@executable_path/Frameworks",
				);
				MARKETING_VERSION = 1.0;
				PRODUCT_BUNDLE_IDENTIFIER = tech.tyuanhawk.Wadilo;
				PRODUCT_NAME = "$(TARGET_NAME)";
				PROVISIONING_PROFILE_SPECIFIER = "";
				SWIFT_EMIT_LOC_STRINGS = YES;
				SWIFT_VERSION = 5.0;
				TARGETED_DEVICE_FAMILY = "1,2";
			};
			name = Release;
		};
/* End XCBuildConfiguration section */

/* Begin XCConfigurationList section */
		B9FF2DC328278F6500D17523 /* Build configuration list for PBXProject "Wadilo" */ = {
			isa = XCConfigurationList;
			buildConfigurations = (
				B9FF2DD428278F6600D17523 /* Debug */,
				B9FF2DD528278F6600D17523 /* Release */,
			);
			defaultConfigurationIsVisible = 0;
			defaultConfigurationName = Release;
		};
		B9FF2DD628278F6600D17523 /* Build configuration list for PBXNativeTarget "Wadilo" */ = {
			isa = XCConfigurationList;
			buildConfigurations = (
				B9FF2DD728278F6600D17523 /* Debug */,
				B9FF2DD828278F6600D17523 /* Release */,
			);
			defaultConfigurationIsVisible = 0;
			defaultConfigurationName = Release;
		};
/* End XCConfigurationList section */
	};
	rootObject = B9FF2DC028278F6500D17523 /* Project object */;
}
